
Microsoft Visual Studio Solution File, Format Version 12.00
# Visual Studio Version 17
VisualStudioVersion = 17.4.33122.133
MinimumVisualStudioVersion = 10.0.40219.1
Project("{FAE04EC0-301F-11D3-BF4B-00C04F79EFBC}") = "QKartTestAutomation", "QKartTestAutomation\QKartTestAutomation.csproj", "{BB2B63FA-1C2F-4A23-825C-CFC21D723BFD}"
EndProject
Global
	GlobalSection(SolutionConfigurationPlatforms) = preSolution
		Debug|Any CPU = Debug|Any CPU
		Release|Any CPU = Release|Any CPU
	EndGlobalSection
	GlobalSection(ProjectConfigurationPlatforms) = postSolution
		{BB2B63FA-1C2F-4A23-825C-CFC21D723BFD}.Debug|Any CPU.ActiveCfg = Debug|Any CPU
		{BB2B63FA-1C2F-4A23-825C-CFC21D723BFD}.Debug|Any CPU.Build.0 = Debug|Any CPU
		{BB2B63FA-1C2F-4A23-825C-CFC21D723BFD}.Release|Any CPU.ActiveCfg = Release|Any CPU
		{BB2B63FA-1C2F-4A23-825C-CFC21D723BFD}.Release|Any CPU.Build.0 = Release|Any CPU
	EndGlobalSection
	GlobalSection(SolutionProperties) = preSolution
		HideSolutionNode = FALSE
	EndGlobalSection
	GlobalSection(ExtensibilityGlobals) = postSolution
		SolutionGuid = {64EA2E81-9AD4-4137-BB0A-2EC3713CE15D}
	EndGlobalSection
EndGlobal
